
Microsoft Visual Studio Solution File, Format Version 12.00
# Visual Studio Version 17
VisualStudioVersion = 17.3.32819.101
MinimumVisualStudioVersion = 10.0.40219.1
Project("{FAE04EC0-301F-11D3-BF4B-00C04F79EFBC}") = "My NotePad", "My NotePad\My NotePad.csproj", "{40D9BF59-EB81-4A95-861C-F285131C129C}"
EndProject
Global
	GlobalSection(SolutionConfigurationPlatforms) = preSolution
		Debug|Any CPU = Debug|Any CPU
		Release|Any CPU = Release|Any CPU
	EndGlobalSection
	GlobalSection(ProjectConfigurationPlatforms) = postSolution
		{40D9BF59-EB81-4A95-861C-F285131C129C}.Debug|Any CPU.ActiveCfg = Debug|Any CPU
		{40D9BF59-EB81-4A95-861C-F285131C129C}.Debug|Any CPU.Build.0 = Debug|Any CPU
		{40D9BF59-EB81-4A95-861C-F285131C129C}.Release|Any CPU.ActiveCfg = Release|Any CPU
		{40D9BF59-EB81-4A95-861C-F285131C129C}.Release|Any CPU.Build.0 = Release|Any CPU
	EndGlobalSection
	GlobalSection(SolutionProperties) = preSolution
		HideSolutionNode = FALSE
	EndGlobalSection
	GlobalSection(ExtensibilityGlobals) = postSolution
		SolutionGuid = {824C3ACD-EA7F-4B16-B1F6-E10F64818BDD}
	EndGlobalSection
EndGlobal
